
Microsoft Visual Studio Solution File, Format Version 12.00
# Visual Studio Version 17
VisualStudioVersion = 17.0.31903.59
MinimumVisualStudioVersion = 10.0.40219.1
Project("{2150E333-8FDC-42A3-9474-1A3956D46DE8}") = "src", "src", "{827E0CD3-B72D-47B6-A68D-7590B98EB39B}"
EndProject
Project("{FAE04EC0-301F-11D3-BF4B-00C04F79EFBC}") = "NotificationService.Api", "src\NotificationService.Api\NotificationService.Api.csproj", "{1F412287-5245-4821-90FD-77BB06FC492D}"
EndProject
Project("{FAE04EC0-301F-11D3-BF4B-00C04F79EFBC}") = "NotificationService.Domain", "src\NotificationService.Domain\NotificationService.Domain.csproj", "{4983A7B8-214E-4F54-A1A2-22E9BD8730C0}"
EndProject
Project("{FAE04EC0-301F-11D3-BF4B-00C04F79EFBC}") = "NotificationService.Application", "src\NotificationService.Application\NotificationService.Application.csproj", "{6E4AF3F7-8507-49FF-8B25-ADC300B8265C}"
EndProject
Project("{FAE04EC0-301F-11D3-BF4B-00C04F79EFBC}") = "NotificationService.Infrastructure", "src\NotificationService.Infrastructure\NotificationService.Infrastructure.csproj", "{6858016A-BFBB-4ECA-9D41-13C628BE85FE}"
EndProject
Project("{FAE04EC0-301F-11D3-BF4B-00C04F79EFBC}") = "NotificationService.Worker", "src\NotificationService.Worker\NotificationService.Worker.csproj", "{7361574C-58B1-47CD-9C4F-9B9AE188085E}"
EndProject
Global
	GlobalSection(SolutionConfigurationPlatforms) = preSolution
		Debug|Any CPU = Debug|Any CPU
		Debug|x64 = Debug|x64
		Debug|x86 = Debug|x86
		Release|Any CPU = Release|Any CPU
		Release|x64 = Release|x64
		Release|x86 = Release|x86
	EndGlobalSection
	GlobalSection(ProjectConfigurationPlatforms) = postSolution
		{1F412287-5245-4821-90FD-77BB06FC492D}.Debug|Any CPU.ActiveCfg = Debug|Any CPU
		{1F412287-5245-4821-90FD-77BB06FC492D}.Debug|Any CPU.Build.0 = Debug|Any CPU
		{1F412287-5245-4821-90FD-77BB06FC492D}.Debug|x64.ActiveCfg = Debug|Any CPU
		{1F412287-5245-4821-90FD-77BB06FC492D}.Debug|x64.Build.0 = Debug|Any CPU
		{1F412287-5245-4821-90FD-77BB06FC492D}.Debug|x86.ActiveCfg = Debug|Any CPU
		{1F412287-5245-4821-90FD-77BB06FC492D}.Debug|x86.Build.0 = Debug|Any CPU
		{1F412287-5245-4821-90FD-77BB06FC492D}.Release|Any CPU.ActiveCfg = Release|Any CPU
		{1F412287-5245-4821-90FD-77BB06FC492D}.Release|Any CPU.Build.0 = Release|Any CPU
		{1F412287-5245-4821-90FD-77BB06FC492D}.Release|x64.ActiveCfg = Release|Any CPU
		{1F412287-5245-4821-90FD-77BB06FC492D}.Release|x64.Build.0 = Release|Any CPU
		{1F412287-5245-4821-90FD-77BB06FC492D}.Release|x86.ActiveCfg = Release|Any CPU
		{1F412287-5245-4821-90FD-77BB06FC492D}.Release|x86.Build.0 = Release|Any CPU
		{4983A7B8-214E-4F54-A1A2-22E9BD8730C0}.Debug|Any CPU.ActiveCfg = Debug|Any CPU
		{4983A7B8-214E-4F54-A1A2-22E9BD8730C0}.Debug|Any CPU.Build.0 = Debug|Any CPU
		{4983A7B8-214E-4F54-A1A2-22E9BD8730C0}.Debug|x64.ActiveCfg = Debug|Any CPU
		{4983A7B8-214E-4F54-A1A2-22E9BD8730C0}.Debug|x64.Build.0 = Debug|Any CPU
		{4983A7B8-214E-4F54-A1A2-22E9BD8730C0}.Debug|x86.ActiveCfg = Debug|Any CPU
		{4983A7B8-214E-4F54-A1A2-22E9BD8730C0}.Debug|x86.Build.0 = Debug|Any CPU
		{4983A7B8-214E-4F54-A1A2-22E9BD8730C0}.Release|Any CPU.ActiveCfg = Release|Any CPU
		{4983A7B8-214E-4F54-A1A2-22E9BD8730C0}.Release|Any CPU.Build.0 = Release|Any CPU
		{4983A7B8-214E-4F54-A1A2-22E9BD8730C0}.Release|x64.ActiveCfg = Release|Any CPU
		{4983A7B8-214E-4F54-A1A2-22E9BD8730C0}.Release|x64.Build.0 = Release|Any CPU
		{4983A7B8-214E-4F54-A1A2-22E9BD8730C0}.Release|x86.ActiveCfg = Release|Any CPU
		{4983A7B8-214E-4F54-A1A2-22E9BD8730C0}.Release|x86.Build.0 = Release|Any CPU
		{6E4AF3F7-8507-49FF-8B25-ADC300B8265C}.Debug|Any CPU.ActiveCfg = Debug|Any CPU
		{6E4AF3F7-8507-49FF-8B25-ADC300B8265C}.Debug|Any CPU.Build.0 = Debug|Any CPU
		{6E4AF3F7-8507-49FF-8B25-ADC300B8265C}.Debug|x64.ActiveCfg = Debug|Any CPU
		{6E4AF3F7-8507-49FF-8B25-ADC300B8265C}.Debug|x64.Build.0 = Debug|Any CPU
		{6E4AF3F7-8507-49FF-8B25-ADC300B8265C}.Debug|x86.ActiveCfg = Debug|Any CPU
		{6E4AF3F7-8507-49FF-8B25-ADC300B8265C}.Debug|x86.Build.0 = Debug|Any CPU
		{6E4AF3F7-8507-49FF-8B25-ADC300B8265C}.Release|Any CPU.ActiveCfg = Release|Any CPU
		{6E4AF3F7-8507-49FF-8B25-ADC300B8265C}.Release|Any CPU.Build.0 = Release|Any CPU
		{6E4AF3F7-8507-49FF-8B25-ADC300B8265C}.Release|x64.ActiveCfg = Release|Any CPU
		{6E4AF3F7-8507-49FF-8B25-ADC300B8265C}.Release|x64.Build.0 = Release|Any CPU
		{6E4AF3F7-8507-49FF-8B25-ADC300B8265C}.Release|x86.ActiveCfg = Release|Any CPU
		{6E4AF3F7-8507-49FF-8B25-ADC300B8265C}.Release|x86.Build.0 = Release|Any CPU
		{6858016A-BFBB-4ECA-9D41-13C628BE85FE}.Debug|Any CPU.ActiveCfg = Debug|Any CPU
		{6858016A-BFBB-4ECA-9D41-13C628BE85FE}.Debug|Any CPU.Build.0 = Debug|Any CPU
		{6858016A-BFBB-4ECA-9D41-13C628BE85FE}.Debug|x64.ActiveCfg = Debug|Any CPU
		{6858016A-BFBB-4ECA-9D41-13C628BE85FE}.Debug|x64.Build.0 = Debug|Any CPU
		{6858016A-BFBB-4ECA-9D41-13C628BE85FE}.Debug|x86.ActiveCfg = Debug|Any CPU
		{6858016A-BFBB-4ECA-9D41-13C628BE85FE}.Debug|x86.Build.0 = Debug|Any CPU
		{6858016A-BFBB-4ECA-9D41-13C628BE85FE}.Release|Any CPU.ActiveCfg = Release|Any CPU
		{6858016A-BFBB-4ECA-9D41-13C628BE85FE}.Release|Any CPU.Build.0 = Release|Any CPU
		{6858016A-BFBB-4ECA-9D41-13C628BE85FE}.Release|x64.ActiveCfg = Release|Any CPU
		{6858016A-BFBB-4ECA-9D41-13C628BE85FE}.Release|x64.Build.0 = Release|Any CPU
		{6858016A-BFBB-4ECA-9D41-13C628BE85FE}.Release|x86.ActiveCfg = Release|Any CPU
		{6858016A-BFBB-4ECA-9D41-13C628BE85FE}.Release|x86.Build.0 = Release|Any CPU
		{7361574C-58B1-47CD-9C4F-9B9AE188085E}.Debug|Any CPU.ActiveCfg = Debug|Any CPU
		{7361574C-58B1-47CD-9C4F-9B9AE188085E}.Debug|Any CPU.Build.0 = Debug|Any CPU
		{7361574C-58B1-47CD-9C4F-9B9AE188085E}.Debug|x64.ActiveCfg = Debug|Any CPU
		{7361574C-58B1-47CD-9C4F-9B9AE188085E}.Debug|x64.Build.0 = Debug|Any CPU
		{7361574C-58B1-47CD-9C4F-9B9AE188085E}.Debug|x86.ActiveCfg = Debug|Any CPU
		{7361574C-58B1-47CD-9C4F-9B9AE188085E}.Debug|x86.Build.0 = Debug|Any CPU
		{7361574C-58B1-47CD-9C4F-9B9AE188085E}.Release|Any CPU.ActiveCfg = Release|Any CPU
		{7361574C-58B1-47CD-9C4F-9B9AE188085E}.Release|Any CPU.Build.0 = Release|Any CPU
		{7361574C-58B1-47CD-9C4F-9B9AE188085E}.Release|x64.ActiveCfg = Release|Any CPU
		{7361574C-58B1-47CD-9C4F-9B9AE188085E}.Release|x64.Build.0 = Release|Any CPU
		{7361574C-58B1-47CD-9C4F-9B9AE188085E}.Release|x86.ActiveCfg = Release|Any CPU
		{7361574C-58B1-47CD-9C4F-9B9AE188085E}.Release|x86.Build.0 = Release|Any CPU
	EndGlobalSection
	GlobalSection(SolutionProperties) = preSolution
		HideSolutionNode = FALSE
	EndGlobalSection
	GlobalSection(NestedProjects) = preSolution
		{1F412287-5245-4821-90FD-77BB06FC492D} = {827E0CD3-B72D-47B6-A68D-7590B98EB39B}
		{4983A7B8-214E-4F54-A1A2-22E9BD8730C0} = {827E0CD3-B72D-47B6-A68D-7590B98EB39B}
		{6E4AF3F7-8507-49FF-8B25-ADC300B8265C} = {827E0CD3-B72D-47B6-A68D-7590B98EB39B}
		{6858016A-BFBB-4ECA-9D41-13C628BE85FE} = {827E0CD3-B72D-47B6-A68D-7590B98EB39B}
		{7361574C-58B1-47CD-9C4F-9B9AE188085E} = {827E0CD3-B72D-47B6-A68D-7590B98EB39B}
	EndGlobalSection
EndGlobal
